
Microsoft Visual Studio Solution File, Format Version 12.00
# Visual Studio Version 17
VisualStudioVersion = 17.11.35327.3
MinimumVisualStudioVersion = 10.0.40219.1
Project("{9A19103F-16F7-4668-BE54-9A1E7A4F7556}") = "ChessGame.Core", "ChessGame.Core.csproj", "{BAEACAB6-EE91-4C4B-91A3-008A471D8CDB}"
EndProject
Project("{9A19103F-16F7-4668-BE54-9A1E7A4F7556}") = "ChessGame.Tests", "..\ChessGame.Tests\ChessGame.Tests.csproj", "{D852F78E-5242-4791-BA8B-0EBD2D193005}"
EndProject
Project("{9A19103F-16F7-4668-BE54-9A1E7A4F7556}") = "ChessGame.Server", "..\ChessGame.Server\ChessGame.Server.csproj", "{65E904CE-8399-45B9-8122-5DDF79A089A2}"
EndProject
Project("{9A19103F-16F7-4668-BE54-9A1E7A4F7556}") = "ChessGame.Client", "..\ChessGame.Client\ChessGame.Client.csproj", "{353FEB16-315C-4793-9C46-E2B3E6FE8C36}"
EndProject
Project("{9A19103F-16F7-4668-BE54-9A1E7A4F7556}") = "ChessGame.Contracts", "..\ChessGame.Contracts\ChessGame.Contracts.csproj", "{06E85F62-3E54-4FBF-BA73-1B0C5FA7EA13}"
EndProject
Project("{9A19103F-16F7-4668-BE54-9A1E7A4F7556}") = "ChessGame.ConsoleClient", "..\ChessGame.ConsoleClient\ChessGame.ConsoleClient.csproj", "{3C68DCEA-4EF0-48C6-AFF9-90743A42E4CB}"
EndProject
Project("{9A19103F-16F7-4668-BE54-9A1E7A4F7556}") = "ChessGame.Client.Tests", "..\ChessGame.Client.Tests\ChessGame.Client.Tests.csproj", "{FC4CE5B7-F1B7-4FEC-8063-7EE872D1A7B4}"
EndProject
Project("{9A19103F-16F7-4668-BE54-9A1E7A4F7556}") = "ChessGame.IntegrationTests", "..\ChessGame.IntegrationTests\ChessGame.IntegrationTests.csproj", "{625B92B2-A851-4F86-9848-2FF3AB1A609B}"
	ProjectSection(ProjectDependencies) = postProject
		{06E85F62-3E54-4FBF-BA73-1B0C5FA7EA13} = {06E85F62-3E54-4FBF-BA73-1B0C5FA7EA13}
		{65E904CE-8399-45B9-8122-5DDF79A089A2} = {65E904CE-8399-45B9-8122-5DDF79A089A2}
		{BAEACAB6-EE91-4C4B-91A3-008A471D8CDB} = {BAEACAB6-EE91-4C4B-91A3-008A471D8CDB}
	EndProjectSection
EndProject
Global
	GlobalSection(SolutionConfigurationPlatforms) = preSolution
		Debug|Any CPU = Debug|Any CPU
		Release|Any CPU = Release|Any CPU
	EndGlobalSection
	GlobalSection(ProjectConfigurationPlatforms) = postSolution
		{BAEACAB6-EE91-4C4B-91A3-008A471D8CDB}.Debug|Any CPU.ActiveCfg = Debug|Any CPU
		{BAEACAB6-EE91-4C4B-91A3-008A471D8CDB}.Debug|Any CPU.Build.0 = Debug|Any CPU
		{BAEACAB6-EE91-4C4B-91A3-008A471D8CDB}.Release|Any CPU.ActiveCfg = Release|Any CPU
		{BAEACAB6-EE91-4C4B-91A3-008A471D8CDB}.Release|Any CPU.Build.0 = Release|Any CPU
		{D852F78E-5242-4791-BA8B-0EBD2D193005}.Debug|Any CPU.ActiveCfg = Debug|Any CPU
		{D852F78E-5242-4791-BA8B-0EBD2D193005}.Debug|Any CPU.Build.0 = Debug|Any CPU
		{D852F78E-5242-4791-BA8B-0EBD2D193005}.Release|Any CPU.ActiveCfg = Release|Any CPU
		{D852F78E-5242-4791-BA8B-0EBD2D193005}.Release|Any CPU.Build.0 = Release|Any CPU
		{65E904CE-8399-45B9-8122-5DDF79A089A2}.Debug|Any CPU.ActiveCfg = Debug|Any CPU
		{65E904CE-8399-45B9-8122-5DDF79A089A2}.Debug|Any CPU.Build.0 = Debug|Any CPU
		{65E904CE-8399-45B9-8122-5DDF79A089A2}.Release|Any CPU.ActiveCfg = Release|Any CPU
		{65E904CE-8399-45B9-8122-5DDF79A089A2}.Release|Any CPU.Build.0 = Release|Any CPU
		{353FEB16-315C-4793-9C46-E2B3E6FE8C36}.Debug|Any CPU.ActiveCfg = Debug|Any CPU
		{353FEB16-315C-4793-9C46-E2B3E6FE8C36}.Debug|Any CPU.Build.0 = Debug|Any CPU
		{353FEB16-315C-4793-9C46-E2B3E6FE8C36}.Release|Any CPU.ActiveCfg = Release|Any CPU
		{353FEB16-315C-4793-9C46-E2B3E6FE8C36}.Release|Any CPU.Build.0 = Release|Any CPU
		{06E85F62-3E54-4FBF-BA73-1B0C5FA7EA13}.Debug|Any CPU.ActiveCfg = Debug|Any CPU
		{06E85F62-3E54-4FBF-BA73-1B0C5FA7EA13}.Debug|Any CPU.Build.0 = Debug|Any CPU
		{06E85F62-3E54-4FBF-BA73-1B0C5FA7EA13}.Release|Any CPU.ActiveCfg = Release|Any CPU
		{06E85F62-3E54-4FBF-BA73-1B0C5FA7EA13}.Release|Any CPU.Build.0 = Release|Any CPU
		{3C68DCEA-4EF0-48C6-AFF9-90743A42E4CB}.Debug|Any CPU.ActiveCfg = Debug|Any CPU
		{3C68DCEA-4EF0-48C6-AFF9-90743A42E4CB}.Debug|Any CPU.Build.0 = Debug|Any CPU
		{3C68DCEA-4EF0-48C6-AFF9-90743A42E4CB}.Release|Any CPU.ActiveCfg = Release|Any CPU
		{3C68DCEA-4EF0-48C6-AFF9-90743A42E4CB}.Release|Any CPU.Build.0 = Release|Any CPU
		{FC4CE5B7-F1B7-4FEC-8063-7EE872D1A7B4}.Debug|Any CPU.ActiveCfg = Debug|Any CPU
		{FC4CE5B7-F1B7-4FEC-8063-7EE872D1A7B4}.Debug|Any CPU.Build.0 = Debug|Any CPU
		{FC4CE5B7-F1B7-4FEC-8063-7EE872D1A7B4}.Release|Any CPU.ActiveCfg = Release|Any CPU
		{FC4CE5B7-F1B7-4FEC-8063-7EE872D1A7B4}.Release|Any CPU.Build.0 = Release|Any CPU
		{625B92B2-A851-4F86-9848-2FF3AB1A609B}.Debug|Any CPU.ActiveCfg = Debug|Any CPU
		{625B92B2-A851-4F86-9848-2FF3AB1A609B}.Debug|Any CPU.Build.0 = Debug|Any CPU
		{625B92B2-A851-4F86-9848-2FF3AB1A609B}.Release|Any CPU.ActiveCfg = Release|Any CPU
		{625B92B2-A851-4F86-9848-2FF3AB1A609B}.Release|Any CPU.Build.0 = Release|Any CPU
	EndGlobalSection
	GlobalSection(SolutionProperties) = preSolution
		HideSolutionNode = FALSE
	EndGlobalSection
	GlobalSection(ExtensibilityGlobals) = postSolution
		SolutionGuid = {93A93035-1493-4B54-9C38-A841240EDE51}
	EndGlobalSection
EndGlobal
